
Microsoft Visual Studio Solution File, Format Version 12.00
# Visual Studio Version 17
VisualStudioVersion = 17.0.32014.148
MinimumVisualStudioVersion = 10.0.40219.1
Project("{2150E333-8FDC-42A3-9474-1A3956D46DE8}") = "src", "src", "{0F1C1A26-926C-4719-9574-360E6E0FDBE6}"
EndProject
Project("{2150E333-8FDC-42A3-9474-1A3956D46DE8}") = "test", "test", "{90B6D9C3-00FE-4395-A9AF-ADEBCFDF1641}"
EndProject
Project("{2150E333-8FDC-42A3-9474-1A3956D46DE8}") = "Core", "Core", "{B933C439-DA8A-4D5E-8E25-7F39E36340DE}"
EndProject
Project("{2150E333-8FDC-42A3-9474-1A3956D46DE8}") = "Common", "Common", "{5BC1E213-E2A9-4B54-99F5-8C299036F131}"
EndProject
Project("{2150E333-8FDC-42A3-9474-1A3956D46DE8}") = "Presentation", "Presentation", "{459549A5-8A62-43B4-A553-94B967D13650}"
EndProject
Project("{2150E333-8FDC-42A3-9474-1A3956D46DE8}") = "Infrastructure", "Infrastructure", "{9660F059-78D2-4D7F-9AE8-DC415F32AEAB}"
EndProject
Project("{FAE04EC0-301F-11D3-BF4B-00C04F79EFBC}") = "Common", "src\Common\Common\Common.csproj", "{FA93A5AC-E283-4D4A-BA82-E6E9A920B012}"
EndProject
Project("{FAE04EC0-301F-11D3-BF4B-00C04F79EFBC}") = "Domain", "src\Core\Domain\Domain.csproj", "{84A6FA0E-3728-4C98-AB27-7804B7E3AD7A}"
EndProject
Project("{FAE04EC0-301F-11D3-BF4B-00C04F79EFBC}") = "Application", "src\Core\Application\Application.csproj", "{A12C39D1-6A5D-4DCA-BF6F-35945E9CFF6E}"
EndProject
Project("{FAE04EC0-301F-11D3-BF4B-00C04F79EFBC}") = "Infrastructure", "src\Infrastructure\Infrastructure\Infrastructure.csproj", "{07FCB93E-30AF-4203-AF73-A9B777D21050}"
EndProject
Project("{FAE04EC0-301F-11D3-BF4B-00C04F79EFBC}") = "Persistence", "src\Infrastructure\Persistence\Persistence.csproj", "{36B853CB-0416-4EA8-AA5C-18DEDB97B19B}"
EndProject
Project("{FAE04EC0-301F-11D3-BF4B-00C04F79EFBC}") = "EndPoint.Api", "src\Presentation\EndPoint.Api\EndPoint.Api.csproj", "{FCD7E957-76E1-43BF-851B-9507BBFA8650}"
EndProject
Project("{FAE04EC0-301F-11D3-BF4B-00C04F79EFBC}") = "Shop.Test", "test\Shop.Test\Shop.Test.csproj", "{6C36428A-24EE-4FE9-87BC-59B0737F1605}"
EndProject
Global
	GlobalSection(SolutionConfigurationPlatforms) = preSolution
		Debug|Any CPU = Debug|Any CPU
		Release|Any CPU = Release|Any CPU
	EndGlobalSection
	GlobalSection(ProjectConfigurationPlatforms) = postSolution
		{FA93A5AC-E283-4D4A-BA82-E6E9A920B012}.Debug|Any CPU.ActiveCfg = Debug|Any CPU
		{FA93A5AC-E283-4D4A-BA82-E6E9A920B012}.Debug|Any CPU.Build.0 = Debug|Any CPU
		{FA93A5AC-E283-4D4A-BA82-E6E9A920B012}.Release|Any CPU.ActiveCfg = Release|Any CPU
		{FA93A5AC-E283-4D4A-BA82-E6E9A920B012}.Release|Any CPU.Build.0 = Release|Any CPU
		{84A6FA0E-3728-4C98-AB27-7804B7E3AD7A}.Debug|Any CPU.ActiveCfg = Debug|Any CPU
		{84A6FA0E-3728-4C98-AB27-7804B7E3AD7A}.Debug|Any CPU.Build.0 = Debug|Any CPU
		{84A6FA0E-3728-4C98-AB27-7804B7E3AD7A}.Release|Any CPU.ActiveCfg = Release|Any CPU
		{84A6FA0E-3728-4C98-AB27-7804B7E3AD7A}.Release|Any CPU.Build.0 = Release|Any CPU
		{A12C39D1-6A5D-4DCA-BF6F-35945E9CFF6E}.Debug|Any CPU.ActiveCfg = Debug|Any CPU
		{A12C39D1-6A5D-4DCA-BF6F-35945E9CFF6E}.Debug|Any CPU.Build.0 = Debug|Any CPU
		{A12C39D1-6A5D-4DCA-BF6F-35945E9CFF6E}.Release|Any CPU.ActiveCfg = Release|Any CPU
		{A12C39D1-6A5D-4DCA-BF6F-35945E9CFF6E}.Release|Any CPU.Build.0 = Release|Any CPU
		{07FCB93E-30AF-4203-AF73-A9B777D21050}.Debug|Any CPU.ActiveCfg = Debug|Any CPU
		{07FCB93E-30AF-4203-AF73-A9B777D21050}.Debug|Any CPU.Build.0 = Debug|Any CPU
		{07FCB93E-30AF-4203-AF73-A9B777D21050}.Release|Any CPU.ActiveCfg = Release|Any CPU
		{07FCB93E-30AF-4203-AF73-A9B777D21050}.Release|Any CPU.Build.0 = Release|Any CPU
		{36B853CB-0416-4EA8-AA5C-18DEDB97B19B}.Debug|Any CPU.ActiveCfg = Debug|Any CPU
		{36B853CB-0416-4EA8-AA5C-18DEDB97B19B}.Debug|Any CPU.Build.0 = Debug|Any CPU
		{36B853CB-0416-4EA8-AA5C-18DEDB97B19B}.Release|Any CPU.ActiveCfg = Release|Any CPU
		{36B853CB-0416-4EA8-AA5C-18DEDB97B19B}.Release|Any CPU.Build.0 = Release|Any CPU
		{FCD7E957-76E1-43BF-851B-9507BBFA8650}.Debug|Any CPU.ActiveCfg = Debug|Any CPU
		{FCD7E957-76E1-43BF-851B-9507BBFA8650}.Debug|Any CPU.Build.0 = Debug|Any CPU
		{FCD7E957-76E1-43BF-851B-9507BBFA8650}.Release|Any CPU.ActiveCfg = Release|Any CPU
		{FCD7E957-76E1-43BF-851B-9507BBFA8650}.Release|Any CPU.Build.0 = Release|Any CPU
		{6C36428A-24EE-4FE9-87BC-59B0737F1605}.Debug|Any CPU.ActiveCfg = Debug|Any CPU
		{6C36428A-24EE-4FE9-87BC-59B0737F1605}.Debug|Any CPU.Build.0 = Debug|Any CPU
		{6C36428A-24EE-4FE9-87BC-59B0737F1605}.Release|Any CPU.ActiveCfg = Release|Any CPU
		{6C36428A-24EE-4FE9-87BC-59B0737F1605}.Release|Any CPU.Build.0 = Release|Any CPU
	EndGlobalSection
	GlobalSection(SolutionProperties) = preSolution
		HideSolutionNode = FALSE
	EndGlobalSection
	GlobalSection(NestedProjects) = preSolution
		{B933C439-DA8A-4D5E-8E25-7F39E36340DE} = {0F1C1A26-926C-4719-9574-360E6E0FDBE6}
		{5BC1E213-E2A9-4B54-99F5-8C299036F131} = {0F1C1A26-926C-4719-9574-360E6E0FDBE6}
		{459549A5-8A62-43B4-A553-94B967D13650} = {0F1C1A26-926C-4719-9574-360E6E0FDBE6}
		{9660F059-78D2-4D7F-9AE8-DC415F32AEAB} = {0F1C1A26-926C-4719-9574-360E6E0FDBE6}
		{FA93A5AC-E283-4D4A-BA82-E6E9A920B012} = {5BC1E213-E2A9-4B54-99F5-8C299036F131}
		{84A6FA0E-3728-4C98-AB27-7804B7E3AD7A} = {B933C439-DA8A-4D5E-8E25-7F39E36340DE}
		{A12C39D1-6A5D-4DCA-BF6F-35945E9CFF6E} = {B933C439-DA8A-4D5E-8E25-7F39E36340DE}
		{07FCB93E-30AF-4203-AF73-A9B777D21050} = {9660F059-78D2-4D7F-9AE8-DC415F32AEAB}
		{36B853CB-0416-4EA8-AA5C-18DEDB97B19B} = {9660F059-78D2-4D7F-9AE8-DC415F32AEAB}
		{FCD7E957-76E1-43BF-851B-9507BBFA8650} = {459549A5-8A62-43B4-A553-94B967D13650}
		{6C36428A-24EE-4FE9-87BC-59B0737F1605} = {90B6D9C3-00FE-4395-A9AF-ADEBCFDF1641}
	EndGlobalSection
	GlobalSection(ExtensibilityGlobals) = postSolution
		SolutionGuid = {07B7D400-5E74-48AF-A2B5-2FC92393384D}
	EndGlobalSection
EndGlobal
